
Microsoft Visual Studio Solution File, Format Version 12.00
# Visual Studio Version 16
VisualStudioVersion = 16.0.31205.134
MinimumVisualStudioVersion = 10.0.40219.1
Project("{FAE04EC0-301F-11D3-BF4B-00C04F79EFBC}") = "ArrayManipulations", "ArrayManipulations.csproj", "{42B5662D-B0FE-488E-A4A8-5A24EE27EFAB}"
EndProject
Global
	GlobalSection(SolutionConfigurationPlatforms) = preSolution
		Debug|Any CPU = Debug|Any CPU
		Release|Any CPU = Release|Any CPU
	EndGlobalSection
	GlobalSection(ProjectConfigurationPlatforms) = postSolution
		{42B5662D-B0FE-488E-A4A8-5A24EE27EFAB}.Debug|Any CPU.ActiveCfg = Debug|Any CPU
		{42B5662D-B0FE-488E-A4A8-5A24EE27EFAB}.Debug|Any CPU.Build.0 = Debug|Any CPU
		{42B5662D-B0FE-488E-A4A8-5A24EE27EFAB}.Release|Any CPU.ActiveCfg = Release|Any CPU
		{42B5662D-B0FE-488E-A4A8-5A24EE27EFAB}.Release|Any CPU.Build.0 = Release|Any CPU
	EndGlobalSection
	GlobalSection(SolutionProperties) = preSolution
		HideSolutionNode = FALSE
	EndGlobalSection
	GlobalSection(ExtensibilityGlobals) = postSolution
		SolutionGuid = {725BEFF4-14C7-456C-A2E8-74249483D0CE}
	EndGlobalSection
EndGlobal
